<?xml version="1.0" encoding="utf-8"?>
<Project ToolsVersion="17.0" xmlns="http://schemas.microsoft.com/developer/msbuild/2003">
  <ItemGroup>
    <CustomBuild Include="F:\Projekty\gamedev\rts-with-codex\build-test\CMakeFiles\6b13e9a7625eba8aa12e0d8aa24c2eae\Experimental.rule">
      <Filter>CMake Rules</Filter>
    </CustomBuild>
    <CustomBuild Include="F:\Projekty\gamedev\rts-with-codex\CMakeLists.txt" />
  </ItemGroup>
  <ItemGroup>
    <None Include="F:\Projekty\gamedev\rts-with-codex\build-test\CMakeFiles\Experimental" />
  </ItemGroup>
  <ItemGroup>
    <Filter Include="CMake Rules">
      <UniqueIdentifier>{1D855E00-0D23-3659-96B1-CCC16EB722CB}</UniqueIdentifier>
    </Filter>
  </ItemGroup>
</Project>
