
Microsoft Visual Studio Solution File, Format Version 12.00
# Visual Studio Version 17
Project("{8BC9CEB8-8B4A-11D0-8D11-00A0C91BC942}") = "ALL_BUILD", "ALL_BUILD.vcxproj", "{7A7AB9F0-CC83-37FA-B95C-FAFEFF6C1267}"
	ProjectSection(ProjectDependencies) = postProject
		{F6C67AE2-F930-37CD-BDA3-03E215A3F2CB} = {F6C67AE2-F930-37CD-BDA3-03E215A3F2CB}
		{099E0316-6A77-3EE6-ADEE-8330349FAA3D} = {099E0316-6A77-3EE6-ADEE-8330349FAA3D}
		{510F4D66-E465-3B43-8A6B-2F6004C6FA85} = {510F4D66-E465-3B43-8A6B-2F6004C6FA85}
		{A41CD83A-504A-3449-88F8-0A20910CEA8A} = {A41CD83A-504A-3449-88F8-0A20910CEA8A}
		{09EE07DC-FF6C-37CE-811E-AD420B4E9708} = {09EE07DC-FF6C-37CE-811E-AD420B4E9708}
		{8B9BC263-6405-3034-8BC5-327643DD8F6A} = {8B9BC263-6405-3034-8BC5-327643DD8F6A}
		{C638A09C-DBF5-3B25-8CD4-C006547C57E4} = {C638A09C-DBF5-3B25-8CD4-C006547C57E4}
		{9BBC64D3-E7E2-3FD5-8823-9496BFBF33AA} = {9BBC64D3-E7E2-3FD5-8823-9496BFBF33AA}
	EndProjectSection
EndProject
Project("{8BC9CEB8-8B4A-11D0-8D11-00A0C91BC942}") = "Continuous", "Continuous.vcxproj", "{EDC0713F-4A2C-3FEE-9F57-5C1D6C192ED9}"
	ProjectSection(ProjectDependencies) = postProject
		{F6C67AE2-F930-37CD-BDA3-03E215A3F2CB} = {F6C67AE2-F930-37CD-BDA3-03E215A3F2CB}
	EndProjectSection
EndProject
Project("{8BC9CEB8-8B4A-11D0-8D11-00A0C91BC942}") = "Experimental", "Experimental.vcxproj", "{C53CE4E6-B2B0-38E4-8773-7169D3F89FBD}"
	ProjectSection(ProjectDependencies) = postProject
		{F6C67AE2-F930-37CD-BDA3-03E215A3F2CB} = {F6C67AE2-F930-37CD-BDA3-03E215A3F2CB}
	EndProjectSection
EndProject
Project("{8BC9CEB8-8B4A-11D0-8D11-00A0C91BC942}") = "INSTALL", "INSTALL.vcxproj", "{AA9257FE-5BC7-32FE-8D22-7591007C582B}"
	ProjectSection(ProjectDependencies) = postProject
		{7A7AB9F0-CC83-37FA-B95C-FAFEFF6C1267} = {7A7AB9F0-CC83-37FA-B95C-FAFEFF6C1267}
		{F6C67AE2-F930-37CD-BDA3-03E215A3F2CB} = {F6C67AE2-F930-37CD-BDA3-03E215A3F2CB}
	EndProjectSection
EndProject
Project("{8BC9CEB8-8B4A-11D0-8D11-00A0C91BC942}") = "Nightly", "Nightly.vcxproj", "{835D3D32-DFAA-3908-A761-3285970424C5}"
	ProjectSection(ProjectDependencies) = postProject
		{F6C67AE2-F930-37CD-BDA3-03E215A3F2CB} = {F6C67AE2-F930-37CD-BDA3-03E215A3F2CB}
	EndProjectSection
EndProject
Project("{8BC9CEB8-8B4A-11D0-8D11-00A0C91BC942}") = "NightlyMemoryCheck", "NightlyMemoryCheck.vcxproj", "{7B1AE5B1-4CC9-3912-A5FE-8935F7B6F82D}"
	ProjectSection(ProjectDependencies) = postProject
		{F6C67AE2-F930-37CD-BDA3-03E215A3F2CB} = {F6C67AE2-F930-37CD-BDA3-03E215A3F2CB}
	EndProjectSection
EndProject
Project("{8BC9CEB8-8B4A-11D0-8D11-00A0C91BC942}") = "RUN_TESTS", "RUN_TESTS.vcxproj", "{EE60DE7C-C25C-39C6-9124-DA6B881D700E}"
	ProjectSection(ProjectDependencies) = postProject
		{F6C67AE2-F930-37CD-BDA3-03E215A3F2CB} = {F6C67AE2-F930-37CD-BDA3-03E215A3F2CB}
	EndProjectSection
EndProject
Project("{8BC9CEB8-8B4A-11D0-8D11-00A0C91BC942}") = "ZERO_CHECK", "ZERO_CHECK.vcxproj", "{F6C67AE2-F930-37CD-BDA3-03E215A3F2CB}"
	ProjectSection(ProjectDependencies) = postProject
	EndProjectSection
EndProject
Project("{8BC9CEB8-8B4A-11D0-8D11-00A0C91BC942}") = "game", "game.vcxproj", "{099E0316-6A77-3EE6-ADEE-8330349FAA3D}"
	ProjectSection(ProjectDependencies) = postProject
		{F6C67AE2-F930-37CD-BDA3-03E215A3F2CB} = {F6C67AE2-F930-37CD-BDA3-03E215A3F2CB}
	EndProjectSection
EndProject
Project("{8BC9CEB8-8B4A-11D0-8D11-00A0C91BC942}") = "gmock", "_deps\googletest-build\googlemock\gmock.vcxproj", "{510F4D66-E465-3B43-8A6B-2F6004C6FA85}"
	ProjectSection(ProjectDependencies) = postProject
		{F6C67AE2-F930-37CD-BDA3-03E215A3F2CB} = {F6C67AE2-F930-37CD-BDA3-03E215A3F2CB}
	EndProjectSection
EndProject
Project("{8BC9CEB8-8B4A-11D0-8D11-00A0C91BC942}") = "gmock_main", "_deps\googletest-build\googlemock\gmock_main.vcxproj", "{A41CD83A-504A-3449-88F8-0A20910CEA8A}"
	ProjectSection(ProjectDependencies) = postProject
		{F6C67AE2-F930-37CD-BDA3-03E215A3F2CB} = {F6C67AE2-F930-37CD-BDA3-03E215A3F2CB}
	EndProjectSection
EndProject
Project("{8BC9CEB8-8B4A-11D0-8D11-00A0C91BC942}") = "gtest", "_deps\googletest-build\googletest\gtest.vcxproj", "{09EE07DC-FF6C-37CE-811E-AD420B4E9708}"
	ProjectSection(ProjectDependencies) = postProject
		{F6C67AE2-F930-37CD-BDA3-03E215A3F2CB} = {F6C67AE2-F930-37CD-BDA3-03E215A3F2CB}
	EndProjectSection
EndProject
Project("{8BC9CEB8-8B4A-11D0-8D11-00A0C91BC942}") = "gtest_main", "_deps\googletest-build\googletest\gtest_main.vcxproj", "{8B9BC263-6405-3034-8BC5-327643DD8F6A}"
	ProjectSection(ProjectDependencies) = postProject
		{F6C67AE2-F930-37CD-BDA3-03E215A3F2CB} = {F6C67AE2-F930-37CD-BDA3-03E215A3F2CB}
		{09EE07DC-FF6C-37CE-811E-AD420B4E9708} = {09EE07DC-FF6C-37CE-811E-AD420B4E9708}
	EndProjectSection
EndProject
Project("{8BC9CEB8-8B4A-11D0-8D11-00A0C91BC942}") = "rts", "rts.vcxproj", "{C638A09C-DBF5-3B25-8CD4-C006547C57E4}"
	ProjectSection(ProjectDependencies) = postProject
		{F6C67AE2-F930-37CD-BDA3-03E215A3F2CB} = {F6C67AE2-F930-37CD-BDA3-03E215A3F2CB}
		{099E0316-6A77-3EE6-ADEE-8330349FAA3D} = {099E0316-6A77-3EE6-ADEE-8330349FAA3D}
	EndProjectSection
EndProject
Project("{8BC9CEB8-8B4A-11D0-8D11-00A0C91BC942}") = "rts_tests", "tests\rts_tests.vcxproj", "{9BBC64D3-E7E2-3FD5-8823-9496BFBF33AA}"
	ProjectSection(ProjectDependencies) = postProject
		{F6C67AE2-F930-37CD-BDA3-03E215A3F2CB} = {F6C67AE2-F930-37CD-BDA3-03E215A3F2CB}
		{099E0316-6A77-3EE6-ADEE-8330349FAA3D} = {099E0316-6A77-3EE6-ADEE-8330349FAA3D}
		{510F4D66-E465-3B43-8A6B-2F6004C6FA85} = {510F4D66-E465-3B43-8A6B-2F6004C6FA85}
		{09EE07DC-FF6C-37CE-811E-AD420B4E9708} = {09EE07DC-FF6C-37CE-811E-AD420B4E9708}
		{8B9BC263-6405-3034-8BC5-327643DD8F6A} = {8B9BC263-6405-3034-8BC5-327643DD8F6A}
	EndProjectSection
EndProject
Global
	GlobalSection(SolutionConfigurationPlatforms) = preSolution
		Debug|x64 = Debug|x64
		Release|x64 = Release|x64
		MinSizeRel|x64 = MinSizeRel|x64
		RelWithDebInfo|x64 = RelWithDebInfo|x64
	EndGlobalSection
	GlobalSection(ProjectConfigurationPlatforms) = postSolution
		{7A7AB9F0-CC83-37FA-B95C-FAFEFF6C1267}.Debug|x64.ActiveCfg = Debug|x64
		{7A7AB9F0-CC83-37FA-B95C-FAFEFF6C1267}.Debug|x64.Build.0 = Debug|x64
		{7A7AB9F0-CC83-37FA-B95C-FAFEFF6C1267}.Release|x64.ActiveCfg = Release|x64
		{7A7AB9F0-CC83-37FA-B95C-FAFEFF6C1267}.Release|x64.Build.0 = Release|x64
		{7A7AB9F0-CC83-37FA-B95C-FAFEFF6C1267}.MinSizeRel|x64.ActiveCfg = MinSizeRel|x64
		{7A7AB9F0-CC83-37FA-B95C-FAFEFF6C1267}.MinSizeRel|x64.Build.0 = MinSizeRel|x64
		{7A7AB9F0-CC83-37FA-B95C-FAFEFF6C1267}.RelWithDebInfo|x64.ActiveCfg = RelWithDebInfo|x64
		{7A7AB9F0-CC83-37FA-B95C-FAFEFF6C1267}.RelWithDebInfo|x64.Build.0 = RelWithDebInfo|x64
		{EDC0713F-4A2C-3FEE-9F57-5C1D6C192ED9}.Debug|x64.ActiveCfg = Debug|x64
		{EDC0713F-4A2C-3FEE-9F57-5C1D6C192ED9}.Release|x64.ActiveCfg = Release|x64
		{EDC0713F-4A2C-3FEE-9F57-5C1D6C192ED9}.MinSizeRel|x64.ActiveCfg = MinSizeRel|x64
		{EDC0713F-4A2C-3FEE-9F57-5C1D6C192ED9}.RelWithDebInfo|x64.ActiveCfg = RelWithDebInfo|x64
		{C53CE4E6-B2B0-38E4-8773-7169D3F89FBD}.Debug|x64.ActiveCfg = Debug|x64
		{C53CE4E6-B2B0-38E4-8773-7169D3F89FBD}.Release|x64.ActiveCfg = Release|x64
		{C53CE4E6-B2B0-38E4-8773-7169D3F89FBD}.MinSizeRel|x64.ActiveCfg = MinSizeRel|x64
		{C53CE4E6-B2B0-38E4-8773-7169D3F89FBD}.RelWithDebInfo|x64.ActiveCfg = RelWithDebInfo|x64
		{AA9257FE-5BC7-32FE-8D22-7591007C582B}.Debug|x64.ActiveCfg = Debug|x64
		{AA9257FE-5BC7-32FE-8D22-7591007C582B}.Release|x64.ActiveCfg = Release|x64
		{AA9257FE-5BC7-32FE-8D22-7591007C582B}.MinSizeRel|x64.ActiveCfg = MinSizeRel|x64
		{AA9257FE-5BC7-32FE-8D22-7591007C582B}.RelWithDebInfo|x64.ActiveCfg = RelWithDebInfo|x64
		{835D3D32-DFAA-3908-A761-3285970424C5}.Debug|x64.ActiveCfg = Debug|x64
		{835D3D32-DFAA-3908-A761-3285970424C5}.Release|x64.ActiveCfg = Release|x64
		{835D3D32-DFAA-3908-A761-3285970424C5}.MinSizeRel|x64.ActiveCfg = MinSizeRel|x64
		{835D3D32-DFAA-3908-A761-3285970424C5}.RelWithDebInfo|x64.ActiveCfg = RelWithDebInfo|x64
		{7B1AE5B1-4CC9-3912-A5FE-8935F7B6F82D}.Debug|x64.ActiveCfg = Debug|x64
		{7B1AE5B1-4CC9-3912-A5FE-8935F7B6F82D}.Release|x64.ActiveCfg = Release|x64
		{7B1AE5B1-4CC9-3912-A5FE-8935F7B6F82D}.MinSizeRel|x64.ActiveCfg = MinSizeRel|x64
		{7B1AE5B1-4CC9-3912-A5FE-8935F7B6F82D}.RelWithDebInfo|x64.ActiveCfg = RelWithDebInfo|x64
		{EE60DE7C-C25C-39C6-9124-DA6B881D700E}.Debug|x64.ActiveCfg = Debug|x64
		{EE60DE7C-C25C-39C6-9124-DA6B881D700E}.Release|x64.ActiveCfg = Release|x64
		{EE60DE7C-C25C-39C6-9124-DA6B881D700E}.MinSizeRel|x64.ActiveCfg = MinSizeRel|x64
		{EE60DE7C-C25C-39C6-9124-DA6B881D700E}.RelWithDebInfo|x64.ActiveCfg = RelWithDebInfo|x64
		{F6C67AE2-F930-37CD-BDA3-03E215A3F2CB}.Debug|x64.ActiveCfg = Debug|x64
		{F6C67AE2-F930-37CD-BDA3-03E215A3F2CB}.Debug|x64.Build.0 = Debug|x64
		{F6C67AE2-F930-37CD-BDA3-03E215A3F2CB}.Release|x64.ActiveCfg = Release|x64
		{F6C67AE2-F930-37CD-BDA3-03E215A3F2CB}.Release|x64.Build.0 = Release|x64
		{F6C67AE2-F930-37CD-BDA3-03E215A3F2CB}.MinSizeRel|x64.ActiveCfg = MinSizeRel|x64
		{F6C67AE2-F930-37CD-BDA3-03E215A3F2CB}.MinSizeRel|x64.Build.0 = MinSizeRel|x64
		{F6C67AE2-F930-37CD-BDA3-03E215A3F2CB}.RelWithDebInfo|x64.ActiveCfg = RelWithDebInfo|x64
		{F6C67AE2-F930-37CD-BDA3-03E215A3F2CB}.RelWithDebInfo|x64.Build.0 = RelWithDebInfo|x64
		{099E0316-6A77-3EE6-ADEE-8330349FAA3D}.Debug|x64.ActiveCfg = Debug|x64
		{099E0316-6A77-3EE6-ADEE-8330349FAA3D}.Debug|x64.Build.0 = Debug|x64
		{099E0316-6A77-3EE6-ADEE-8330349FAA3D}.Release|x64.ActiveCfg = Release|x64
		{099E0316-6A77-3EE6-ADEE-8330349FAA3D}.Release|x64.Build.0 = Release|x64
		{099E0316-6A77-3EE6-ADEE-8330349FAA3D}.MinSizeRel|x64.ActiveCfg = MinSizeRel|x64
		{099E0316-6A77-3EE6-ADEE-8330349FAA3D}.MinSizeRel|x64.Build.0 = MinSizeRel|x64
		{099E0316-6A77-3EE6-ADEE-8330349FAA3D}.RelWithDebInfo|x64.ActiveCfg = RelWithDebInfo|x64
		{099E0316-6A77-3EE6-ADEE-8330349FAA3D}.RelWithDebInfo|x64.Build.0 = RelWithDebInfo|x64
		{510F4D66-E465-3B43-8A6B-2F6004C6FA85}.Debug|x64.ActiveCfg = Debug|x64
		{510F4D66-E465-3B43-8A6B-2F6004C6FA85}.Debug|x64.Build.0 = Debug|x64
		{510F4D66-E465-3B43-8A6B-2F6004C6FA85}.Release|x64.ActiveCfg = Release|x64
		{510F4D66-E465-3B43-8A6B-2F6004C6FA85}.Release|x64.Build.0 = Release|x64
		{510F4D66-E465-3B43-8A6B-2F6004C6FA85}.MinSizeRel|x64.ActiveCfg = MinSizeRel|x64
		{510F4D66-E465-3B43-8A6B-2F6004C6FA85}.MinSizeRel|x64.Build.0 = MinSizeRel|x64
		{510F4D66-E465-3B43-8A6B-2F6004C6FA85}.RelWithDebInfo|x64.ActiveCfg = RelWithDebInfo|x64
		{510F4D66-E465-3B43-8A6B-2F6004C6FA85}.RelWithDebInfo|x64.Build.0 = RelWithDebInfo|x64
		{A41CD83A-504A-3449-88F8-0A20910CEA8A}.Debug|x64.ActiveCfg = Debug|x64
		{A41CD83A-504A-3449-88F8-0A20910CEA8A}.Debug|x64.Build.0 = Debug|x64
		{A41CD83A-504A-3449-88F8-0A20910CEA8A}.Release|x64.ActiveCfg = Release|x64
		{A41CD83A-504A-3449-88F8-0A20910CEA8A}.Release|x64.Build.0 = Release|x64
		{A41CD83A-504A-3449-88F8-0A20910CEA8A}.MinSizeRel|x64.ActiveCfg = MinSizeRel|x64
		{A41CD83A-504A-3449-88F8-0A20910CEA8A}.MinSizeRel|x64.Build.0 = MinSizeRel|x64
		{A41CD83A-504A-3449-88F8-0A20910CEA8A}.RelWithDebInfo|x64.ActiveCfg = RelWithDebInfo|x64
		{A41CD83A-504A-3449-88F8-0A20910CEA8A}.RelWithDebInfo|x64.Build.0 = RelWithDebInfo|x64
		{09EE07DC-FF6C-37CE-811E-AD420B4E9708}.Debug|x64.ActiveCfg = Debug|x64
		{09EE07DC-FF6C-37CE-811E-AD420B4E9708}.Debug|x64.Build.0 = Debug|x64
		{09EE07DC-FF6C-37CE-811E-AD420B4E9708}.Release|x64.ActiveCfg = Release|x64
		{09EE07DC-FF6C-37CE-811E-AD420B4E9708}.Release|x64.Build.0 = Release|x64
		{09EE07DC-FF6C-37CE-811E-AD420B4E9708}.MinSizeRel|x64.ActiveCfg = MinSizeRel|x64
		{09EE07DC-FF6C-37CE-811E-AD420B4E9708}.MinSizeRel|x64.Build.0 = MinSizeRel|x64
		{09EE07DC-FF6C-37CE-811E-AD420B4E9708}.RelWithDebInfo|x64.ActiveCfg = RelWithDebInfo|x64
		{09EE07DC-FF6C-37CE-811E-AD420B4E9708}.RelWithDebInfo|x64.Build.0 = RelWithDebInfo|x64
		{8B9BC263-6405-3034-8BC5-327643DD8F6A}.Debug|x64.ActiveCfg = Debug|x64
		{8B9BC263-6405-3034-8BC5-327643DD8F6A}.Debug|x64.Build.0 = Debug|x64
		{8B9BC263-6405-3034-8BC5-327643DD8F6A}.Release|x64.ActiveCfg = Release|x64
		{8B9BC263-6405-3034-8BC5-327643DD8F6A}.Release|x64.Build.0 = Release|x64
		{8B9BC263-6405-3034-8BC5-327643DD8F6A}.MinSizeRel|x64.ActiveCfg = MinSizeRel|x64
		{8B9BC263-6405-3034-8BC5-327643DD8F6A}.MinSizeRel|x64.Build.0 = MinSizeRel|x64
		{8B9BC263-6405-3034-8BC5-327643DD8F6A}.RelWithDebInfo|x64.ActiveCfg = RelWithDebInfo|x64
		{8B9BC263-6405-3034-8BC5-327643DD8F6A}.RelWithDebInfo|x64.Build.0 = RelWithDebInfo|x64
		{C638A09C-DBF5-3B25-8CD4-C006547C57E4}.Debug|x64.ActiveCfg = Debug|x64
		{C638A09C-DBF5-3B25-8CD4-C006547C57E4}.Debug|x64.Build.0 = Debug|x64
		{C638A09C-DBF5-3B25-8CD4-C006547C57E4}.Release|x64.ActiveCfg = Release|x64
		{C638A09C-DBF5-3B25-8CD4-C006547C57E4}.Release|x64.Build.0 = Release|x64
		{C638A09C-DBF5-3B25-8CD4-C006547C57E4}.MinSizeRel|x64.ActiveCfg = MinSizeRel|x64
		{C638A09C-DBF5-3B25-8CD4-C006547C57E4}.MinSizeRel|x64.Build.0 = MinSizeRel|x64
		{C638A09C-DBF5-3B25-8CD4-C006547C57E4}.RelWithDebInfo|x64.ActiveCfg = RelWithDebInfo|x64
		{C638A09C-DBF5-3B25-8CD4-C006547C57E4}.RelWithDebInfo|x64.Build.0 = RelWithDebInfo|x64
		{9BBC64D3-E7E2-3FD5-8823-9496BFBF33AA}.Debug|x64.ActiveCfg = Debug|x64
		{9BBC64D3-E7E2-3FD5-8823-9496BFBF33AA}.Debug|x64.Build.0 = Debug|x64
		{9BBC64D3-E7E2-3FD5-8823-9496BFBF33AA}.Release|x64.ActiveCfg = Release|x64
		{9BBC64D3-E7E2-3FD5-8823-9496BFBF33AA}.Release|x64.Build.0 = Release|x64
		{9BBC64D3-E7E2-3FD5-8823-9496BFBF33AA}.MinSizeRel|x64.ActiveCfg = MinSizeRel|x64
		{9BBC64D3-E7E2-3FD5-8823-9496BFBF33AA}.MinSizeRel|x64.Build.0 = MinSizeRel|x64
		{9BBC64D3-E7E2-3FD5-8823-9496BFBF33AA}.RelWithDebInfo|x64.ActiveCfg = RelWithDebInfo|x64
		{9BBC64D3-E7E2-3FD5-8823-9496BFBF33AA}.RelWithDebInfo|x64.Build.0 = RelWithDebInfo|x64
	EndGlobalSection
	GlobalSection(ExtensibilityGlobals) = postSolution
		SolutionGuid = {5EA0AA4C-F2C0-34B6-8765-B945BC89336C}
	EndGlobalSection
	GlobalSection(ExtensibilityAddIns) = postSolution
	EndGlobalSection
EndGlobal
