<?xml version="1.0" encoding="utf-8"?>
<Project ToolsVersion="17.0" xmlns="http://schemas.microsoft.com/developer/msbuild/2003">
  <ItemGroup>
    <ClCompile Include="F:\Projekty\gamedev\rts-with-codex\src\core\GameSession.cpp">
      <Filter>Source Files</Filter>
    </ClCompile>
    <ClCompile Include="F:\Projekty\gamedev\rts-with-codex\src\core\GameWorld.cpp">
      <Filter>Source Files</Filter>
    </ClCompile>
    <ClCompile Include="F:\Projekty\gamedev\rts-with-codex\src\core\GameWorld.TileMap.cpp">
      <Filter>Source Files</Filter>
    </ClCompile>
    <ClCompile Include="F:\Projekty\gamedev\rts-with-codex\src\core\GameWorld.Init.cpp">
      <Filter>Source Files</Filter>
    </ClCompile>
    <ClCompile Include="F:\Projekty\gamedev\rts-with-codex\src\core\GameWorld.Persistence.cpp">
      <Filter>Source Files</Filter>
    </ClCompile>
    <ClCompile Include="F:\Projekty\gamedev\rts-with-codex\src\core\GameWorld.Commands.cpp">
      <Filter>Source Files</Filter>
    </ClCompile>
    <ClCompile Include="F:\Projekty\gamedev\rts-with-codex\src\core\GameWorld.Checksum.cpp">
      <Filter>Source Files</Filter>
    </ClCompile>
    <ClCompile Include="F:\Projekty\gamedev\rts-with-codex\src\core\GameWorld.Render.cpp">
      <Filter>Source Files</Filter>
    </ClCompile>
    <ClCompile Include="F:\Projekty\gamedev\rts-with-codex\src\ai\Controller.cpp">
      <Filter>Source Files</Filter>
    </ClCompile>
    <ClCompile Include="F:\Projekty\gamedev\rts-with-codex\src\research\Technology.cpp">
      <Filter>Source Files</Filter>
    </ClCompile>
    <ClCompile Include="F:\Projekty\gamedev\rts-with-codex\src\economy\Building.cpp">
      <Filter>Source Files</Filter>
    </ClCompile>
    <ClCompile Include="F:\Projekty\gamedev\rts-with-codex\src\economy\BuildingComponents.cpp">
      <Filter>Source Files</Filter>
    </ClCompile>
    <ClCompile Include="F:\Projekty\gamedev\rts-with-codex\src\economy\BuildingConfig.cpp">
      <Filter>Source Files</Filter>
    </ClCompile>
    <ClCompile Include="F:\Projekty\gamedev\rts-with-codex\src\economy\ConstructionQueue.cpp">
      <Filter>Source Files</Filter>
    </ClCompile>
    <ClCompile Include="F:\Projekty\gamedev\rts-with-codex\src\economy\Player.cpp">
      <Filter>Source Files</Filter>
    </ClCompile>
    <ClCompile Include="F:\Projekty\gamedev\rts-with-codex\src\scenes\Game.cpp">
      <Filter>Source Files</Filter>
    </ClCompile>
    <ClCompile Include="F:\Projekty\gamedev\rts-with-codex\src\data\Resource.cpp">
      <Filter>Source Files</Filter>
    </ClCompile>
    <ClCompile Include="F:\Projekty\gamedev\rts-with-codex\src\simulation\RoadNetwork.cpp">
      <Filter>Source Files</Filter>
    </ClCompile>
    <ClCompile Include="F:\Projekty\gamedev\rts-with-codex\src\simulation\MapGenerator.cpp">
      <Filter>Source Files</Filter>
    </ClCompile>
    <ClCompile Include="F:\Projekty\gamedev\rts-with-codex\src\simulation\SectorGraph.cpp">
      <Filter>Source Files</Filter>
    </ClCompile>
    <ClCompile Include="F:\Projekty\gamedev\rts-with-codex\src\data\RtsDataFile.cpp">
      <Filter>Source Files</Filter>
    </ClCompile>
    <ClCompile Include="F:\Projekty\gamedev\rts-with-codex\src\multiplayer\TcpGameTransport.cpp">
      <Filter>Source Files</Filter>
    </ClCompile>
    <ClCompile Include="F:\Projekty\gamedev\rts-with-codex\src\scenes\GameWindow.cpp">
      <Filter>Source Files</Filter>
    </ClCompile>
    <ClCompile Include="F:\Projekty\gamedev\rts-with-codex\src\scenes\Scenes.cpp">
      <Filter>Source Files</Filter>
    </ClCompile>
    <ClCompile Include="F:\Projekty\gamedev\rts-with-codex\src\ui\Gui.cpp">
      <Filter>Source Files</Filter>
    </ClCompile>
    <ClCompile Include="F:\Projekty\gamedev\rts-with-codex\src\research\ResearchCatalog.cpp">
      <Filter>Source Files</Filter>
    </ClCompile>
    <ClCompile Include="F:\Projekty\gamedev\rts-with-codex\src\ui\Renderer.cpp">
      <Filter>Source Files</Filter>
    </ClCompile>
    <ClCompile Include="F:\Projekty\gamedev\rts-with-codex\src\ui\GuiController.cpp">
      <Filter>Source Files</Filter>
    </ClCompile>
    <ClCompile Include="F:\Projekty\gamedev\rts-with-codex\src\ui\GuiCommon.cpp">
      <Filter>Source Files</Filter>
    </ClCompile>
    <ClCompile Include="F:\Projekty\gamedev\rts-with-codex\src\ui\GuiMapWidgets.cpp">
      <Filter>Source Files</Filter>
    </ClCompile>
    <ClCompile Include="F:\Projekty\gamedev\rts-with-codex\src\ui\GuiHudPanels.cpp">
      <Filter>Source Files</Filter>
    </ClCompile>
    <ClCompile Include="F:\Projekty\gamedev\rts-with-codex\src\ui\GuiResearchTree.cpp">
      <Filter>Source Files</Filter>
    </ClCompile>
    <ClCompile Include="F:\Projekty\gamedev\rts-with-codex\src\ui\GuiBuildModes.cpp">
      <Filter>Source Files</Filter>
    </ClCompile>
    <ClCompile Include="F:\Projekty\gamedev\rts-with-codex\src\warfare\ArmyGroup.cpp">
      <Filter>Source Files</Filter>
    </ClCompile>
    <ClCompile Include="F:\Projekty\gamedev\rts-with-codex\src\warfare\ArmyOrder.cpp">
      <Filter>Source Files</Filter>
    </ClCompile>
    <ClCompile Include="F:\Projekty\gamedev\rts-with-codex\src\warfare\Equipment.cpp">
      <Filter>Source Files</Filter>
    </ClCompile>
    <ClCompile Include="F:\Projekty\gamedev\rts-with-codex\src\warfare\UnitStats.cpp">
      <Filter>Source Files</Filter>
    </ClCompile>
    <ClCompile Include="F:\Projekty\gamedev\rts-with-codex\src\warfare\DivisionSector.cpp">
      <Filter>Source Files</Filter>
    </ClCompile>
    <ClCompile Include="F:\Projekty\gamedev\rts-with-codex\src\warfare\MovementPlanner.cpp">
      <Filter>Source Files</Filter>
    </ClCompile>
    <ClCompile Include="F:\Projekty\gamedev\rts-with-codex\src\ai\DiplomaticState.cpp">
      <Filter>Source Files</Filter>
    </ClCompile>
    <ClCompile Include="F:\Projekty\gamedev\rts-with-codex\src\ui\AudioSystem.cpp">
      <Filter>Source Files</Filter>
    </ClCompile>
    <ClCompile Include="F:\Projekty\gamedev\rts-with-codex\src\WinmmStubs.cpp">
      <Filter>Source Files</Filter>
    </ClCompile>
  </ItemGroup>
  <ItemGroup>
    <CustomBuild Include="F:\Projekty\gamedev\rts-with-codex\CMakeLists.txt" />
  </ItemGroup>
  <ItemGroup>
    <Filter Include="Source Files">
      <UniqueIdentifier>{FB154F58-4B76-3369-9DB1-8D1969F18002}</UniqueIdentifier>
    </Filter>
  </ItemGroup>
</Project>
