<?xml version="1.0" encoding="utf-8"?>
<Project ToolsVersion="17.0" xmlns="http://schemas.microsoft.com/developer/msbuild/2003">
  <ItemGroup>
    <ClCompile Include="F:\Projekty\gamedev\rts-with-codex\src\AudioSystem.cpp">
      <Filter>Source Files</Filter>
    </ClCompile>
    <ClCompile Include="F:\Projekty\gamedev\rts-with-codex\src\WinmmStubs.cpp">
      <Filter>Source Files</Filter>
    </ClCompile>
    <ClCompile Include="F:\Projekty\gamedev\rts-with-codex\src\GameWorld.cpp">
      <Filter>Source Files</Filter>
    </ClCompile>
    <ClCompile Include="F:\Projekty\gamedev\rts-with-codex\src\GameWorld.TileMap.cpp">
      <Filter>Source Files</Filter>
    </ClCompile>
    <ClCompile Include="F:\Projekty\gamedev\rts-with-codex\src\GameWorld.Init.cpp">
      <Filter>Source Files</Filter>
    </ClCompile>
    <ClCompile Include="F:\Projekty\gamedev\rts-with-codex\src\GameWorld.Persistence.cpp">
      <Filter>Source Files</Filter>
    </ClCompile>
    <ClCompile Include="F:\Projekty\gamedev\rts-with-codex\src\GameWorld.Commands.cpp">
      <Filter>Source Files</Filter>
    </ClCompile>
    <ClCompile Include="F:\Projekty\gamedev\rts-with-codex\src\GameWorld.Checksum.cpp">
      <Filter>Source Files</Filter>
    </ClCompile>
    <ClCompile Include="F:\Projekty\gamedev\rts-with-codex\src\GameWorld.Render.cpp">
      <Filter>Source Files</Filter>
    </ClCompile>
    <ClCompile Include="F:\Projekty\gamedev\rts-with-codex\src\Controller.cpp">
      <Filter>Source Files</Filter>
    </ClCompile>
    <ClCompile Include="F:\Projekty\gamedev\rts-with-codex\src\Technology.cpp">
      <Filter>Source Files</Filter>
    </ClCompile>
    <ClCompile Include="F:\Projekty\gamedev\rts-with-codex\src\Building.cpp">
      <Filter>Source Files</Filter>
    </ClCompile>
    <ClCompile Include="F:\Projekty\gamedev\rts-with-codex\src\BuildingComponents.cpp">
      <Filter>Source Files</Filter>
    </ClCompile>
    <ClCompile Include="F:\Projekty\gamedev\rts-with-codex\src\BuildingConfig.cpp">
      <Filter>Source Files</Filter>
    </ClCompile>
    <ClCompile Include="F:\Projekty\gamedev\rts-with-codex\src\Game.cpp">
      <Filter>Source Files</Filter>
    </ClCompile>
    <ClCompile Include="F:\Projekty\gamedev\rts-with-codex\src\Resource.cpp">
      <Filter>Source Files</Filter>
    </ClCompile>
    <ClCompile Include="F:\Projekty\gamedev\rts-with-codex\src\RoadNetwork.cpp">
      <Filter>Source Files</Filter>
    </ClCompile>
    <ClCompile Include="F:\Projekty\gamedev\rts-with-codex\src\MapGenerator.cpp">
      <Filter>Source Files</Filter>
    </ClCompile>
    <ClCompile Include="F:\Projekty\gamedev\rts-with-codex\src\RtsDataFile.cpp">
      <Filter>Source Files</Filter>
    </ClCompile>
    <ClCompile Include="F:\Projekty\gamedev\rts-with-codex\src\TcpGameTransport.cpp">
      <Filter>Source Files</Filter>
    </ClCompile>
    <ClCompile Include="F:\Projekty\gamedev\rts-with-codex\src\GameWindow.cpp">
      <Filter>Source Files</Filter>
    </ClCompile>
    <ClCompile Include="F:\Projekty\gamedev\rts-with-codex\src\Scenes.cpp">
      <Filter>Source Files</Filter>
    </ClCompile>
    <ClCompile Include="F:\Projekty\gamedev\rts-with-codex\src\Gui.cpp">
      <Filter>Source Files</Filter>
    </ClCompile>
    <ClCompile Include="F:\Projekty\gamedev\rts-with-codex\src\ResearchCatalog.cpp">
      <Filter>Source Files</Filter>
    </ClCompile>
    <ClCompile Include="F:\Projekty\gamedev\rts-with-codex\src\Renderer.cpp">
      <Filter>Source Files</Filter>
    </ClCompile>
    <ClCompile Include="F:\Projekty\gamedev\rts-with-codex\src\GuiController.cpp">
      <Filter>Source Files</Filter>
    </ClCompile>
    <ClCompile Include="F:\Projekty\gamedev\rts-with-codex\src\GuiCommon.cpp">
      <Filter>Source Files</Filter>
    </ClCompile>
    <ClCompile Include="F:\Projekty\gamedev\rts-with-codex\src\GuiMapWidgets.cpp">
      <Filter>Source Files</Filter>
    </ClCompile>
    <ClCompile Include="F:\Projekty\gamedev\rts-with-codex\src\GuiHudPanels.cpp">
      <Filter>Source Files</Filter>
    </ClCompile>
    <ClCompile Include="F:\Projekty\gamedev\rts-with-codex\src\GuiResearchTree.cpp">
      <Filter>Source Files</Filter>
    </ClCompile>
    <ClCompile Include="F:\Projekty\gamedev\rts-with-codex\src\GuiBuildModes.cpp">
      <Filter>Source Files</Filter>
    </ClCompile>
    <ClCompile Include="F:\Projekty\gamedev\rts-with-codex\src\ArmyGroup.cpp">
      <Filter>Source Files</Filter>
    </ClCompile>
    <ClCompile Include="F:\Projekty\gamedev\rts-with-codex\src\Equipment.cpp">
      <Filter>Source Files</Filter>
    </ClCompile>
    <ClCompile Include="F:\Projekty\gamedev\rts-with-codex\src\UnitStats.cpp">
      <Filter>Source Files</Filter>
    </ClCompile>
    <ClCompile Include="F:\Projekty\gamedev\rts-with-codex\src\DivisionSector.cpp">
      <Filter>Source Files</Filter>
    </ClCompile>
    <ClCompile Include="F:\Projekty\gamedev\rts-with-codex\src\MovementPlanner.cpp">
      <Filter>Source Files</Filter>
    </ClCompile>
    <ClCompile Include="F:\Projekty\gamedev\rts-with-codex\src\SectorGraph.cpp">
      <Filter>Source Files</Filter>
    </ClCompile>
    <ClCompile Include="F:\Projekty\gamedev\rts-with-codex\src\Player.cpp">
      <Filter>Source Files</Filter>
    </ClCompile>
    <ClCompile Include="F:\Projekty\gamedev\rts-with-codex\src\ConstructionQueue.cpp">
      <Filter>Source Files</Filter>
    </ClCompile>
    <ClCompile Include="F:\Projekty\gamedev\rts-with-codex\src\DiplomaticState.cpp">
      <Filter>Source Files</Filter>
    </ClCompile>
  </ItemGroup>
  <ItemGroup>
    <CustomBuild Include="F:\Projekty\gamedev\rts-with-codex\CMakeLists.txt" />
  </ItemGroup>
  <ItemGroup>
    <Filter Include="Source Files">
      <UniqueIdentifier>{6CDD0CD6-9D68-3257-8696-D304CC6ED485}</UniqueIdentifier>
    </Filter>
  </ItemGroup>
</Project>
